{
    "composer/pcre": {
        "version": "1.0.0"
    },
    "dragonmantank/cron-expression": {
        "version": "v3.1.0"
    },
    "giggsey/libphonenumber-for-php": {
        "version": "8.12.36"
    },
    "giggsey/locale": {
        "version": "2.0"
    },
    "pentatrion/vite-bundle": {
        "version": "0.1",
        "recipe": {
            "repo": "github.com/symfony/recipes-contrib",
            "branch": "master",
            "version": "0.1",
            "ref": "bbc1dbabe95240a0988959e1ded978725692bcfa"
        }
    },
    "phpstan/extension-installer": {
        "version": "1.1.0"
    },
    "phpstan/phpstan": {
        "version": "1.3.0"
    },
    "phpstan/phpstan-symfony": {
        "version": "1.0.4"
    },
    "ronanguilloux/isocodes": {
        "version": "2.3.5"
    },
    "symfony/http-client": {
        "version": "v5.3.10"
    },
    "symfony/intl": {
        "version": "v5.3.8"
    },
    "symfony/workflow": {
        "version": "5.3",
        "recipe": {
            "repo": "github.com/symfony/recipes",
            "branch": "master",
            "version": "3.3",
            "ref": "3b2f8ca32a07fcb00f899649053943fa3d8bbfb6"
        },
        "files": [
            "config/packages/workflow.yaml"
        ]
    }
}
