{
<<<<<<< Updated upstream
=======
    "doctrine/couchdb": {
        "version": "1.0-dev"
    },
    "giggsey/libphonenumber-for-php": {
        "version": "8.12.36"
    },
    "giggsey/locale": {
        "version": "2.0"
    },
>>>>>>> Stashed changes
    "pentatrion/vite-bundle": {
        "version": "0.1",
        "recipe": {
            "repo": "github.com/symfony/recipes-contrib",
            "branch": "master",
            "version": "0.1",
            "ref": "bbc1dbabe95240a0988959e1ded978725692bcfa"
        }
    }
}
